<Solution>
  <Project Path="EF Config/EF Config.csproj" />
  <Project Path="EF Config.Tests/EF Config.Tests.csproj" />
  <Project Path="EF Config.IntegrationTests/EF Config.IntegrationTests.csproj" />
  <Project Path="EF Config.Wpf/EF Config.Wpf.csproj" />
  <Project Path="EF Config.Wpf.Tests/EF Config.Wpf.Tests.csproj" />
</Solution>
